
Microsoft Visual Studio Solution File, Format Version 9.00
# Visual Studio 2005
Project("{FAE04EC0-301F-11D3-BF4B-00C04F79EFBC}") = "Scout", "Scout.csproj", "{86F06B3E-C8D8-4863-A6E3-DC922134B04C}"
EndProject
Project("{FAE04EC0-301F-11D3-BF4B-00C04F79EFBC}") = "BasecampAPI", "BasecampAPI\BasecampAPI.csproj", "{C0ADACA0-7C93-4593-9C66-BA076241867E}"
EndProject
Global
	GlobalSection(SolutionConfigurationPlatforms) = preSolution
		Debug|Any CPU = Debug|Any CPU
		Release|Any CPU = Release|Any CPU
	EndGlobalSection
	GlobalSection(ProjectConfigurationPlatforms) = postSolution
		{86F06B3E-C8D8-4863-A6E3-DC922134B04C}.Debug|Any CPU.ActiveCfg = Debug|Any CPU
		{86F06B3E-C8D8-4863-A6E3-DC922134B04C}.Debug|Any CPU.Build.0 = Debug|Any CPU
		{86F06B3E-C8D8-4863-A6E3-DC922134B04C}.Release|Any CPU.ActiveCfg = Release|Any CPU
		{86F06B3E-C8D8-4863-A6E3-DC922134B04C}.Release|Any CPU.Build.0 = Release|Any CPU
		{C0ADACA0-7C93-4593-9C66-BA076241867E}.Debug|Any CPU.ActiveCfg = Debug|Any CPU
		{C0ADACA0-7C93-4593-9C66-BA076241867E}.Debug|Any CPU.Build.0 = Debug|Any CPU
		{C0ADACA0-7C93-4593-9C66-BA076241867E}.Release|Any CPU.ActiveCfg = Release|Any CPU
		{C0ADACA0-7C93-4593-9C66-BA076241867E}.Release|Any CPU.Build.0 = Release|Any CPU
	EndGlobalSection
	GlobalSection(SolutionProperties) = preSolution
		HideSolutionNode = FALSE
	EndGlobalSection
EndGlobal
